{
  "object": {
    "pins": [
      {
        "package": "Charts",
        "repositoryURL": "https://github.com/danielgindi/Charts",
        "state": {
          "branch": null,
          "revision": "dbf7fa2891270f88aeafc872ea0beddb344af94b",
          "version": "3.4.0"
        }
      },
      {
        "package": "CSV.swift",
        "repositoryURL": "https://github.com/mhdhejazi/CSV.swift",
        "state": {
          "branch": "dynamic",
          "revision": "f13cbf050b29b0f55c4d126f5ad4647e497ae4fa",
          "version": null
        }
      },
      {
        "package": "Disk",
        "repositoryURL": "https://github.com/mhdhejazi/Disk",
        "state": {
          "branch": "dynamic",
          "revision": "804d20a82d84e9dce6309c147d5d871b2bcbb48a",
          "version": null
        }
      },
      {
        "package": "FloatingPanel",
        "repositoryURL": "https://github.com/MhdHejazi/FloatingPanel",
        "state": {
          "branch": "master",
          "revision": "7db5b234f825dc34a0ed52045f2b4118fcd1a004",
          "version": null
        }
      }
    ]
  },
  "version": 1
}
